
Microsoft Visual Studio Solution File, Format Version 12.00
# Visual Studio Version 16
VisualStudioVersion = 16.0.29215.179
MinimumVisualStudioVersion = 10.0.40219.1
Project("{FAE04EC0-301F-11D3-BF4B-00C04F79EFBC}") = "SampleApp", "SampleApp\SampleApp.csproj", "{3EC4F83B-5476-4771-A255-1A64802BB59D}"
EndProject
Project("{FAE04EC0-301F-11D3-BF4B-00C04F79EFBC}") = "RedSheeps.MaterialDesignThemes.Infragistics", "RedSheeps.MaterialDesignThemes.Infragistics\RedSheeps.MaterialDesignThemes.Infragistics.csproj", "{A6AA18A4-97B2-4BCE-B251-5AEB7F970FE0}"
EndProject
Project("{FAE04EC0-301F-11D3-BF4B-00C04F79EFBC}") = "OriginalThemeManagerSample", "OriginalThemeManagerSample\OriginalThemeManagerSample.csproj", "{AFC7E548-F287-433B-83E9-1C2B70A32544}"
EndProject
Global
	GlobalSection(SolutionConfigurationPlatforms) = preSolution
		Debug|Any CPU = Debug|Any CPU
		Release|Any CPU = Release|Any CPU
	EndGlobalSection
	GlobalSection(ProjectConfigurationPlatforms) = postSolution
		{3EC4F83B-5476-4771-A255-1A64802BB59D}.Debug|Any CPU.ActiveCfg = Debug|Any CPU
		{3EC4F83B-5476-4771-A255-1A64802BB59D}.Debug|Any CPU.Build.0 = Debug|Any CPU
		{3EC4F83B-5476-4771-A255-1A64802BB59D}.Release|Any CPU.ActiveCfg = Release|Any CPU
		{3EC4F83B-5476-4771-A255-1A64802BB59D}.Release|Any CPU.Build.0 = Release|Any CPU
		{A6AA18A4-97B2-4BCE-B251-5AEB7F970FE0}.Debug|Any CPU.ActiveCfg = Debug|Any CPU
		{A6AA18A4-97B2-4BCE-B251-5AEB7F970FE0}.Debug|Any CPU.Build.0 = Debug|Any CPU
		{A6AA18A4-97B2-4BCE-B251-5AEB7F970FE0}.Release|Any CPU.ActiveCfg = Release|Any CPU
		{A6AA18A4-97B2-4BCE-B251-5AEB7F970FE0}.Release|Any CPU.Build.0 = Release|Any CPU
		{AFC7E548-F287-433B-83E9-1C2B70A32544}.Debug|Any CPU.ActiveCfg = Debug|Any CPU
		{AFC7E548-F287-433B-83E9-1C2B70A32544}.Debug|Any CPU.Build.0 = Debug|Any CPU
		{AFC7E548-F287-433B-83E9-1C2B70A32544}.Release|Any CPU.ActiveCfg = Release|Any CPU
		{AFC7E548-F287-433B-83E9-1C2B70A32544}.Release|Any CPU.Build.0 = Release|Any CPU
	EndGlobalSection
	GlobalSection(SolutionProperties) = preSolution
		HideSolutionNode = FALSE
	EndGlobalSection
	GlobalSection(ExtensibilityGlobals) = postSolution
		SolutionGuid = {FCA12001-8546-4A69-A3EA-040585950882}
	EndGlobalSection
EndGlobal
